
Microsoft Visual Studio Solution File, Format Version 12.00
# Visual Studio 15
VisualStudioVersion = 15.0.28307.539
MinimumVisualStudioVersion = 10.0.40219.1
Project("{FAE04EC0-301F-11D3-BF4B-00C04F79EFBC}") = "gra1", "gra1\gra1.csproj", "{0BEC4E2A-CC92-47BD-8D38-2759397E45FF}"
EndProject
Global
	GlobalSection(SolutionConfigurationPlatforms) = preSolution
		Debug|Any CPU = Debug|Any CPU
		Release|Any CPU = Release|Any CPU
	EndGlobalSection
	GlobalSection(ProjectConfigurationPlatforms) = postSolution
		{0BEC4E2A-CC92-47BD-8D38-2759397E45FF}.Debug|Any CPU.ActiveCfg = Debug|Any CPU
		{0BEC4E2A-CC92-47BD-8D38-2759397E45FF}.Debug|Any CPU.Build.0 = Debug|Any CPU
		{0BEC4E2A-CC92-47BD-8D38-2759397E45FF}.Release|Any CPU.ActiveCfg = Release|Any CPU
		{0BEC4E2A-CC92-47BD-8D38-2759397E45FF}.Release|Any CPU.Build.0 = Release|Any CPU
	EndGlobalSection
	GlobalSection(SolutionProperties) = preSolution
		HideSolutionNode = FALSE
	EndGlobalSection
	GlobalSection(ExtensibilityGlobals) = postSolution
		SolutionGuid = {F17E9AF0-BEC1-4AE8-9CA4-FD8CFC3B1B68}
	EndGlobalSection
EndGlobal
